// !$*UTF8*$!
{
	archiveVersion = 1;
	classes = {
	};
	objectVersion = 50;
	objects = {

/* Begin PBXBuildFile section */
		18476B94218F57BB00FEA631 /* AppDelegate.swift in Sources */ = {isa = PBXBuildFile; fileRef = 18476B93218F57BB00FEA631 /* AppDelegate.swift */; };
		18476B96218F57BB00FEA631 /* ViewController.swift in Sources */ = {isa = PBXBuildFile; fileRef = 18476B95218F57BB00FEA631 /* ViewController.swift */; };
		18476B99218F57BB00FEA631 /* Main.storyboard in Resources */ = {isa = PBXBuildFile; fileRef = 18476B97218F57BB00FEA631 /* Main.storyboard */; };
		18476B9B218F57BC00FEA631 /* Assets.xcassets in Resources */ = {isa = PBXBuildFile; fileRef = 18476B9A218F57BC00FEA631 /* Assets.xcassets */; };
		18476B9E218F57BC00FEA631 /* LaunchScreen.storyboard in Resources */ = {isa = PBXBuildFile; fileRef = 18476B9C218F57BC00FEA631 /* LaunchScreen.storyboard */; };
		18476BA9218F57BD00FEA631 /* LightTests.swift in Sources */ = {isa = PBXBuildFile; fileRef = 18476BA8218F57BD00FEA631 /* LightTests.swift */; };
		18476BB4218F57BD00FEA631 /* LightUITests.swift in Sources */ = {isa = PBXBuildFile; fileRef = 18476BB3218F57BD00FEA631 /* LightUITests.swift */; };
/* End PBXBuildFile section */

/* Begin PBXContainerItemProxy section */
		18476BA5218F57BD00FEA631 /* PBXContainerItemProxy */ = {
			isa = PBXContainerItemProxy;
			containerPortal = 18476B88218F57BB00FEA631 /* Project object */;
			proxyType = 1;
			remoteGlobalIDString = 18476B8F218F57BB00FEA631;
			remoteInfo = Light;
		};
		18476BB0218F57BD00FEA631 /* PBXContainerItemProxy */ = {
			isa = PBXContainerItemProxy;
			containerPortal = 18476B88218F57BB00FEA631 /* Project object */;
			proxyType = 1;
			remoteGlobalIDString = 18476B8F218F57BB00FEA631;
			remoteInfo = Light;
		};
/* End PBXContainerItemProxy section */

/* Begin PBXFileReference section */
		18476B90218F57BB00FEA631 /* Light.app */ = {isa = PBXFileReference; explicitFileType = wrapper.application; includeInIndex = 0; path = Light.app; sourceTree = BUILT_PRODUCTS_DIR; };
		18476B93218F57BB00FEA631 /* AppDelegate.swift */ = {isa = PBXFileReference; lastKnownFileType = sourcecode.swift; path = AppDelegate.swift; sourceTree = "<group>"; };
		18476B95218F57BB00FEA631 /* ViewController.swift */ = {isa = PBXFileReference; lastKnownFileType = sourcecode.swift; path = ViewController.swift; sourceTree = "<group>"; };
		18476B98218F57BB00FEA631 /* Base */ = {isa = PBXFileReference; lastKnownFileType = file.storyboard; name = Base; path = Base.lproj/Main.storyboard; sourceTree = "<group>"; };
		18476B9A218F57BC00FEA631 /* Assets.xcassets */ = {isa = PBXFileReference; lastKnownFileType = folder.assetcatalog; path = Assets.xcassets; sourceTree = "<group>"; };
		18476B9D218F57BC00FEA631 /* Base */ = {isa = PBXFileReference; lastKnownFileType = file.storyboard; name = Base; path = Base.lproj/LaunchScreen.storyboard; sourceTree = "<group>"; };
		18476B9F218F57BC00FEA631 /* Info.plist */ = {isa = PBXFileReference; lastKnownFileType = text.plist.xml; path = Info.plist; sourceTree = "<group>"; };
		18476BA4218F57BD00FEA631 /* LightTests.xctest */ = {isa = PBXFileReference; explicitFileType = wrapper.cfbundle; includeInIndex = 0; path = LightTests.xctest; sourceTree = BUILT_PRODUCTS_DIR; };
		18476BA8218F57BD00FEA631 /* LightTests.swift */ = {isa = PBXFileReference; lastKnownFileType = sourcecode.swift; path = LightTests.swift; sourceTree = "<group>"; };
		18476BAA218F57BD00FEA631 /* Info.plist */ = {isa = PBXFileReference; lastKnownFileType = text.plist.xml; path = Info.plist; sourceTree = "<group>"; };
		18476BAF218F57BD00FEA631 /* LightUITests.xctest */ = {isa = PBXFileReference; explicitFileType = wrapper.cfbundle; includeInIndex = 0; path = LightUITests.xctest; sourceTree = BUILT_PRODUCTS_DIR; };
		18476BB3218F57BD00FEA631 /* LightUITests.swift */ = {isa = PBXFileReference; lastKnownFileType = sourcecode.swift; path = LightUITests.swift; sourceTree = "<group>"; };
		18476BB5218F57BD00FEA631 /* Info.plist */ = {isa = PBXFileReference; lastKnownFileType = text.plist.xml; path = Info.plist; sourceTree = "<group>"; };
/* End PBXFileReference section */

/* Begin PBXFrameworksBuildPhase section */
		18476B8D218F57BB00FEA631 /* Frameworks */ = {
			isa = PBXFrameworksBuildPhase;
			buildActionMask = 2147483647;
			files = (
			);
			runOnlyForDeploymentPostprocessing = 0;
		};
		18476BA1218F57BD00FEA631 /* Frameworks */ = {
			isa = PBXFrameworksBuildPhase;
			buildActionMask = 2147483647;
			files = (
			);
			runOnlyForDeploymentPostprocessing = 0;
		};
		18476BAC218F57BD00FEA631 /* Frameworks */ = {
			isa = PBXFrameworksBuildPhase;
			buildActionMask = 2147483647;
			files = (
			);
			runOnlyForDeploymentPostprocessing = 0;
		};
/* End PBXFrameworksBuildPhase section */

/* Begin PBXGroup section */
		18476B87218F57BB00FEA631 = {
			isa = PBXGroup;
			children = (
				18476B92218F57BB00FEA631 /* Light */,
				18476BA7218F57BD00FEA631 /* LightTests */,
				18476BB2218F57BD00FEA631 /* LightUITests */,
				18476B91218F57BB00FEA631 /* Products */,
			);
			sourceTree = "<group>";
		};
		18476B91218F57BB00FEA631 /* Products */ = {
			isa = PBXGroup;
			children = (
				18476B90218F57BB00FEA631 /* Light.app */,
				18476BA4218F57BD00FEA631 /* LightTests.xctest */,
				18476BAF218F57BD00FEA631 /* LightUITests.xctest */,
			);
			name = Products;
			sourceTree = "<group>";
		};
		18476B92218F57BB00FEA631 /* Light */ = {
			isa = PBXGroup;
			children = (
				18476B93218F57BB00FEA631 /* AppDelegate.swift */,
				18476B95218F57BB00FEA631 /* ViewController.swift */,
				18476B97218F57BB00FEA631 /* Main.storyboard */,
				18476B9A218F57BC00FEA631 /* Assets.xcassets */,
				18476B9C218F57BC00FEA631 /* LaunchScreen.storyboard */,
				18476B9F218F57BC00FEA631 /* Info.plist */,
			);
			path = Light;
			sourceTree = "<group>";
		};
		18476BA7218F57BD00FEA631 /* LightTests */ = {
			isa = PBXGroup;
			children = (
				18476BA8218F57BD00FEA631 /* LightTests.swift */,
				18476BAA218F57BD00FEA631 /* Info.plist */,
			);
			path = LightTests;
			sourceTree = "<group>";
		};
		18476BB2218F57BD00FEA631 /* LightUITests */ = {
			isa = PBXGroup;
			children = (
				18476BB3218F57BD00FEA631 /* LightUITests.swift */,
				18476BB5218F57BD00FEA631 /* Info.plist */,
			);
			path = LightUITests;
			sourceTree = "<group>";
		};
/* End PBXGroup section */

/* Begin PBXNativeTarget section */
		18476B8F218F57BB00FEA631 /* Light */ = {
			isa = PBXNativeTarget;
			buildConfigurationList = 18476BB8218F57BD00FEA631 /* Build configuration list for PBXNativeTarget "Light" */;
			buildPhases = (
				18476B8C218F57BB00FEA631 /* Sources */,
				18476B8D218F57BB00FEA631 /* Frameworks */,
				18476B8E218F57BB00FEA631 /* Resources */,
			);
			buildRules = (
			);
			dependencies = (
			);
			name = Light;
			productName = Light;
			productReference = 18476B90218F57BB00FEA631 /* Light.app */;
			productType = "com.apple.product-type.application";
		};
		18476BA3218F57BD00FEA631 /* LightTests */ = {
			isa = PBXNativeTarget;
			buildConfigurationList = 18476BBB218F57BD00FEA631 /* Build configuration list for PBXNativeTarget "LightTests" */;
			buildPhases = (
				18476BA0218F57BD00FEA631 /* Sources */,
				18476BA1218F57BD00FEA631 /* Frameworks */,
				18476BA2218F57BD00FEA631 /* Resources */,
			);
			buildRules = (
			);
			dependencies = (
				18476BA6218F57BD00FEA631 /* PBXTargetDependency */,
			);
			name = LightTests;
			productName = LightTests;
			productReference = 18476BA4218F57BD00FEA631 /* LightTests.xctest */;
			productType = "com.apple.product-type.bundle.unit-test";
		};
		18476BAE218F57BD00FEA631 /* LightUITests */ = {
			isa = PBXNativeTarget;
			buildConfigurationList = 18476BBE218F57BD00FEA631 /* Build configuration list for PBXNativeTarget "LightUITests" */;
			buildPhases = (
				18476BAB218F57BD00FEA631 /* Sources */,
				18476BAC218F57BD00FEA631 /* Frameworks */,
				18476BAD218F57BD00FEA631 /* Resources */,
			);
			buildRules = (
			);
			dependencies = (
				18476BB1218F57BD00FEA631 /* PBXTargetDependency */,
			);
			name = LightUITests;
			productName = LightUITests;
			productReference = 18476BAF218F57BD00FEA631 /* LightUITests.xctest */;
			productType = "com.apple.product-type.bundle.ui-testing";
		};
/* End PBXNativeTarget section */

/* Begin PBXProject section */
		18476B88218F57BB00FEA631 /* Project object */ = {
			isa = PBXProject;
			attributes = {
				LastSwiftUpdateCheck = 1010;
				LastUpgradeCheck = 1010;
				ORGANIZATIONNAME = Farginda;
				TargetAttributes = {
					18476B8F218F57BB00FEA631 = {
						CreatedOnToolsVersion = 10.1;
					};
					18476BA3218F57BD00FEA631 = {
						CreatedOnToolsVersion = 10.1;
						TestTargetID = 18476B8F218F57BB00FEA631;
					};
					18476BAE218F57BD00FEA631 = {
						CreatedOnToolsVersion = 10.1;
						TestTargetID = 18476B8F218F57BB00FEA631;
					};
				};
			};
			buildConfigurationList = 18476B8B218F57BB00FEA631 /* Build configuration list for PBXProject "Light" */;
			compatibilityVersion = "Xcode 9.3";
			developmentRegion = en;
			hasScannedForEncodings = 0;
			knownRegions = (
				en,
				Base,
			);
			mainGroup = 18476B87218F57BB00FEA631;
			productRefGroup = 18476B91218F57BB00FEA631 /* Products */;
			projectDirPath = "";
			projectRoot = "";
			targets = (
				18476B8F218F57BB00FEA631 /* Light */,
				18476BA3218F57BD00FEA631 /* LightTests */,
				18476BAE218F57BD00FEA631 /* LightUITests */,
			);
		};
/* End PBXProject section */

/* Begin PBXResourcesBuildPhase section */
		18476B8E218F57BB00FEA631 /* Resources */ = {
			isa = PBXResourcesBuildPhase;
			buildActionMask = 2147483647;
			files = (
				18476B9E218F57BC00FEA631 /* LaunchScreen.storyboard in Resources */,
				18476B9B218F57BC00FEA631 /* Assets.xcassets in Resources */,
				18476B99218F57BB00FEA631 /* Main.storyboard in Resources */,
			);
			runOnlyForDeploymentPostprocessing = 0;
		};
		18476BA2218F57BD00FEA631 /* Resources */ = {
			isa = PBXResourcesBuildPhase;
			buildActionMask = 2147483647;
			files = (
			);
			runOnlyForDeploymentPostprocessing = 0;
		};
		18476BAD218F57BD00FEA631 /* Resources */ = {
			isa = PBXResourcesBuildPhase;
			buildActionMask = 2147483647;
			files = (
			);
			runOnlyForDeploymentPostprocessing = 0;
		};
/* End PBXResourcesBuildPhase section */

/* Begin PBXSourcesBuildPhase section */
		18476B8C218F57BB00FEA631 /* Sources */ = {
			isa = PBXSourcesBuildPhase;
			buildActionMask = 2147483647;
			files = (
				18476B96218F57BB00FEA631 /* ViewController.swift in Sources */,
				18476B94218F57BB00FEA631 /* AppDelegate.swift in Sources */,
			);
			runOnlyForDeploymentPostprocessing = 0;
		};
		18476BA0218F57BD00FEA631 /* Sources */ = {
			isa = PBXSourcesBuildPhase;
			buildActionMask = 2147483647;
			files = (
				18476BA9218F57BD00FEA631 /* LightTests.swift in Sources */,
			);
			runOnlyForDeploymentPostprocessing = 0;
		};
		18476BAB218F57BD00FEA631 /* Sources */ = {
			isa = PBXSourcesBuildPhase;
			buildActionMask = 2147483647;
			files = (
				18476BB4218F57BD00FEA631 /* LightUITests.swift in Sources */,
			);
			runOnlyForDeploymentPostprocessing = 0;
		};
/* End PBXSourcesBuildPhase section */

/* Begin PBXTargetDependency section */
		18476BA6218F57BD00FEA631 /* PBXTargetDependency */ = {
			isa = PBXTargetDependency;
			target = 18476B8F218F57BB00FEA631 /* Light */;
			targetProxy = 18476BA5218F57BD00FEA631 /* PBXContainerItemProxy */;
		};
		18476BB1218F57BD00FEA631 /* PBXTargetDependency */ = {
			isa = PBXTargetDependency;
			target = 18476B8F218F57BB00FEA631 /* Light */;
			targetProxy = 18476BB0218F57BD00FEA631 /* PBXContainerItemProxy */;
		};
/* End PBXTargetDependency section */

/* Begin PBXVariantGroup section */
		18476B97218F57BB00FEA631 /* Main.storyboard */ = {
			isa = PBXVariantGroup;
			children = (
				18476B98218F57BB00FEA631 /* Base */,
			);
			name = Main.storyboard;
			sourceTree = "<group>";
		};
		18476B9C218F57BC00FEA631 /* LaunchScreen.storyboard */ = {
			isa = PBXVariantGroup;
			children = (
				18476B9D218F57BC00FEA631 /* Base */,
			);
			name = LaunchScreen.storyboard;
			sourceTree = "<group>";
		};
/* End PBXVariantGroup section */

/* Begin XCBuildConfiguration section */
		18476BB6218F57BD00FEA631 /* Debug */ = {
			isa = XCBuildConfiguration;
			buildSettings = {
				ALWAYS_SEARCH_USER_PATHS = NO;
				CLANG_ANALYZER_NONNULL = YES;
				CLANG_ANALYZER_NUMBER_OBJECT_CONVERSION = YES_AGGRESSIVE;
				CLANG_CXX_LANGUAGE_STANDARD = "gnu++14";
				CLANG_CXX_LIBRARY = "libc++";
				CLANG_ENABLE_MODULES = YES;
				CLANG_ENABLE_OBJC_ARC = YES;
				CLANG_ENABLE_OBJC_WEAK = YES;
				CLANG_WARN_BLOCK_CAPTURE_AUTORELEASING = YES;
				CLANG_WARN_BOOL_CONVERSION = YES;
				CLANG_WARN_COMMA = YES;
				CLANG_WARN_CONSTANT_CONVERSION = YES;
				CLANG_WARN_DEPRECATED_OBJC_IMPLEMENTATIONS = YES;
				CLANG_WARN_DIRECT_OBJC_ISA_USAGE = YES_ERROR;
				CLANG_WARN_DOCUMENTATION_COMMENTS = YES;
				CLANG_WARN_EMPTY_BODY = YES;
				CLANG_WARN_ENUM_CONVERSION = YES;
				CLANG_WARN_INFINITE_RECURSION = YES;
				CLANG_WARN_INT_CONVERSION = YES;
				CLANG_WARN_NON_LITERAL_NULL_CONVERSION = YES;
				CLANG_WARN_OBJC_IMPLICIT_RETAIN_SELF = YES;
				CLANG_WARN_OBJC_LITERAL_CONVERSION = YES;
				CLANG_WARN_OBJC_ROOT_CLASS = YES_ERROR;
				CLANG_WARN_RANGE_LOOP_ANALYSIS = YES;
				CLANG_WARN_STRICT_PROTOTYPES = YES;
				CLANG_WARN_SUSPICIOUS_MOVE = YES;
				CLANG_WARN_UNGUARDED_AVAILABILITY = YES_AGGRESSIVE;
				CLANG_WARN_UNREACHABLE_CODE = YES;
				CLANG_WARN__DUPLICATE_METHOD_MATCH = YES;
				CODE_SIGN_IDENTITY = "iPhone Developer";
				COPY_PHASE_STRIP = NO;
				DEBUG_INFORMATION_FORMAT = dwarf;
				ENABLE_STRICT_OBJC_MSGSEND = YES;
				ENABLE_TESTABILITY = YES;
				GCC_C_LANGUAGE_STANDARD = gnu11;
				GCC_DYNAMIC_NO_PIC = NO;
				GCC_NO_COMMON_BLOCKS = YES;
				GCC_OPTIMIZATION_LEVEL = 0;
				GCC_PREPROCESSOR_DEFINITIONS = (
					"DEBUG=1",
					"$(inherited)",
				);
				GCC_WARN_64_TO_32_BIT_CONVERSION = YES;
				GCC_WARN_ABOUT_RETURN_TYPE = YES_ERROR;
				GCC_WARN_UNDECLARED_SELECTOR = YES;
				GCC_WARN_UNINITIALIZED_AUTOS = YES_AGGRESSIVE;
				GCC_WARN_UNUSED_FUNCTION = YES;
				GCC_WARN_UNUSED_VARIABLE = YES;
				IPHONEOS_DEPLOYMENT_TARGET = 12.1;
				MTL_ENABLE_DEBUG_INFO = INCLUDE_SOURCE;
				MTL_FAST_MATH = YES;
				ONLY_ACTIVE_ARCH = YES;
				SDKROOT = iphoneos;
				SWIFT_ACTIVE_COMPILATION_CONDITIONS = DEBUG;
				SWIFT_OPTIMIZATION_LEVEL = "-Onone";
			};
			name = Debug;
		};
		18476BB7218F57BD00FEA631 /* Release */ = {
			isa = XCBuildConfiguration;
			buildSettings = {
				ALWAYS_SEARCH_USER_PATHS = NO;
				CLANG_ANALYZER_NONNULL = YES;
				CLANG_ANALYZER_NUMBER_OBJECT_CONVERSION = YES_AGGRESSIVE;
				CLANG_CXX_LANGUAGE_STANDARD = "gnu++14";
				CLANG_CXX_LIBRARY = "libc++";
				CLANG_ENABLE_MODULES = YES;
				CLANG_ENABLE_OBJC_ARC = YES;
				CLANG_ENABLE_OBJC_WEAK = YES;
				CLANG_WARN_BLOCK_CAPTURE_AUTORELEASING = YES;
				CLANG_WARN_BOOL_CONVERSION = YES;
				CLANG_WARN_COMMA = YES;
				CLANG_WARN_CONSTANT_CONVERSION = YES;
				CLANG_WARN_DEPRECATED_OBJC_IMPLEMENTATIONS = YES;
				CLANG_WARN_DIRECT_OBJC_ISA_USAGE = YES_ERROR;
				CLANG_WARN_DOCUMENTATION_COMMENTS = YES;
				CLANG_WARN_EMPTY_BODY = YES;
				CLANG_WARN_ENUM_CONVERSION = YES;
				CLANG_WARN_INFINITE_RECURSION = YES;
				CLANG_WARN_INT_CONVERSION = YES;
				CLANG_WARN_NON_LITERAL_NULL_CONVERSION = YES;
				CLANG_WARN_OBJC_IMPLICIT_RETAIN_SELF = YES;
				CLANG_WARN_OBJC_LITERAL_CONVERSION = YES;
				CLANG_WARN_OBJC_ROOT_CLASS = YES_ERROR;
				CLANG_WARN_RANGE_LOOP_ANALYSIS = YES;
				CLANG_WARN_STRICT_PROTOTYPES = YES;
				CLANG_WARN_SUSPICIOUS_MOVE = YES;
				CLANG_WARN_UNGUARDED_AVAILABILITY = YES_AGGRESSIVE;
				CLANG_WARN_UNREACHABLE_CODE = YES;
				CLANG_WARN__DUPLICATE_METHOD_MATCH = YES;
				CODE_SIGN_IDENTITY = "iPhone Developer";
				COPY_PHASE_STRIP = NO;
				DEBUG_INFORMATION_FORMAT = "dwarf-with-dsym";
				ENABLE_NS_ASSERTIONS = NO;
				ENABLE_STRICT_OBJC_MSGSEND = YES;
				GCC_C_LANGUAGE_STANDARD = gnu11;
				GCC_NO_COMMON_BLOCKS = YES;
				GCC_WARN_64_TO_32_BIT_CONVERSION = YES;
				GCC_WARN_ABOUT_RETURN_TYPE = YES_ERROR;
				GCC_WARN_UNDECLARED_SELECTOR = YES;
				GCC_WARN_UNINITIALIZED_AUTOS = YES_AGGRESSIVE;
				GCC_WARN_UNUSED_FUNCTION = YES;
				GCC_WARN_UNUSED_VARIABLE = YES;
				IPHONEOS_DEPLOYMENT_TARGET = 12.1;
				MTL_ENABLE_DEBUG_INFO = NO;
				MTL_FAST_MATH = YES;
				SDKROOT = iphoneos;
				SWIFT_COMPILATION_MODE = wholemodule;
				SWIFT_OPTIMIZATION_LEVEL = "-O";
				VALIDATE_PRODUCT = YES;
			};
			name = Release;
		};
		18476BB9218F57BD00FEA631 /* Debug */ = {
			isa = XCBuildConfiguration;
			buildSettings = {
				ASSETCATALOG_COMPILER_APPICON_NAME = AppIcon;
				CODE_SIGN_STYLE = Automatic;
				DEVELOPMENT_TEAM = MXL9X96J78;
				INFOPLIST_FILE = Light/Info.plist;
				LD_RUNPATH_SEARCH_PATHS = (
					"$(inherited)",
					"@executable_path/Frameworks",
				);
				PRODUCT_BUNDLE_IDENTIFIER = com.example.Light;
				PRODUCT_NAME = "$(TARGET_NAME)";
				SWIFT_VERSION = 4.2;
				TARGETED_DEVICE_FAMILY = "1,2";
			};
			name = Debug;
		};
		18476BBA218F57BD00FEA631 /* Release */ = {
			isa = XCBuildConfiguration;
			buildSettings = {
				ASSETCATALOG_COMPILER_APPICON_NAME = AppIcon;
				CODE_SIGN_STYLE = Automatic;
				DEVELOPMENT_TEAM = MXL9X96J78;
				INFOPLIST_FILE = Light/Info.plist;
				LD_RUNPATH_SEARCH_PATHS = (
					"$(inherited)",
					"@executable_path/Frameworks",
				);
				PRODUCT_BUNDLE_IDENTIFIER = com.example.Light;
				PRODUCT_NAME = "$(TARGET_NAME)";
				SWIFT_VERSION = 4.2;
				TARGETED_DEVICE_FAMILY = "1,2";
			};
			name = Release;
		};
		18476BBC218F57BD00FEA631 /* Debug */ = {
			isa = XCBuildConfiguration;
			buildSettings = {
				ALWAYS_EMBED_SWIFT_STANDARD_LIBRARIES = YES;
				BUNDLE_LOADER = "$(TEST_HOST)";
				CODE_SIGN_STYLE = Automatic;
				DEVELOPMENT_TEAM = MXL9X96J78;
				INFOPLIST_FILE = LightTests/Info.plist;
				LD_RUNPATH_SEARCH_PATHS = (
					"$(inherited)",
					"@executable_path/Frameworks",
					"@loader_path/Frameworks",
				);
				PRODUCT_BUNDLE_IDENTIFIER = com.example.LightTests;
				PRODUCT_NAME = "$(TARGET_NAME)";
				SWIFT_VERSION = 4.2;
				TARGETED_DEVICE_FAMILY = "1,2";
				TEST_HOST = "$(BUILT_PRODUCTS_DIR)/Light.app/Light";
			};
			name = Debug;
		};
		18476BBD218F57BD00FEA631 /* Release */ = {
			isa = XCBuildConfiguration;
			buildSettings = {
				ALWAYS_EMBED_SWIFT_STANDARD_LIBRARIES = YES;
				BUNDLE_LOADER = "$(TEST_HOST)";
				CODE_SIGN_STYLE = Automatic;
				DEVELOPMENT_TEAM = MXL9X96J78;
				INFOPLIST_FILE = LightTests/Info.plist;
				LD_RUNPATH_SEARCH_PATHS = (
					"$(inherited)",
					"@executable_path/Frameworks",
					"@loader_path/Frameworks",
				);
				PRODUCT_BUNDLE_IDENTIFIER = com.example.LightTests;
				PRODUCT_NAME = "$(TARGET_NAME)";
				SWIFT_VERSION = 4.2;
				TARGETED_DEVICE_FAMILY = "1,2";
				TEST_HOST = "$(BUILT_PRODUCTS_DIR)/Light.app/Light";
			};
			name = Release;
		};
		18476BBF218F57BD00FEA631 /* Debug */ = {
			isa = XCBuildConfiguration;
			buildSettings = {
				ALWAYS_EMBED_SWIFT_STANDARD_LIBRARIES = YES;
				CODE_SIGN_STYLE = Automatic;
				DEVELOPMENT_TEAM = MXL9X96J78;
				INFOPLIST_FILE = LightUITests/Info.plist;
				LD_RUNPATH_SEARCH_PATHS = (
					"$(inherited)",
					"@executable_path/Frameworks",
					"@loader_path/Frameworks",
				);
				PRODUCT_BUNDLE_IDENTIFIER = com.example.LightUITests;
				PRODUCT_NAME = "$(TARGET_NAME)";
				SWIFT_VERSION = 4.2;
				TARGETED_DEVICE_FAMILY = "1,2";
				TEST_TARGET_NAME = Light;
			};
			name = Debug;
		};
		18476BC0218F57BD00FEA631 /* Release */ = {
			isa = XCBuildConfiguration;
			buildSettings = {
				ALWAYS_EMBED_SWIFT_STANDARD_LIBRARIES = YES;
				CODE_SIGN_STYLE = Automatic;
				DEVELOPMENT_TEAM = MXL9X96J78;
				INFOPLIST_FILE = LightUITests/Info.plist;
				LD_RUNPATH_SEARCH_PATHS = (
					"$(inherited)",
					"@executable_path/Frameworks",
					"@loader_path/Frameworks",
				);
				PRODUCT_BUNDLE_IDENTIFIER = com.example.LightUITests;
				PRODUCT_NAME = "$(TARGET_NAME)";
				SWIFT_VERSION = 4.2;
				TARGETED_DEVICE_FAMILY = "1,2";
				TEST_TARGET_NAME = Light;
			};
			name = Release;
		};
/* End XCBuildConfiguration section */

/* Begin XCConfigurationList section */
		18476B8B218F57BB00FEA631 /* Build configuration list for PBXProject "Light" */ = {
			isa = XCConfigurationList;
			buildConfigurations = (
				18476BB6218F57BD00FEA631 /* Debug */,
				18476BB7218F57BD00FEA631 /* Release */,
			);
			defaultConfigurationIsVisible = 0;
			defaultConfigurationName = Release;
		};
		18476BB8218F57BD00FEA631 /* Build configuration list for PBXNativeTarget "Light" */ = {
			isa = XCConfigurationList;
			buildConfigurations = (
				18476BB9218F57BD00FEA631 /* Debug */,
				18476BBA218F57BD00FEA631 /* Release */,
			);
			defaultConfigurationIsVisible = 0;
			defaultConfigurationName = Release;
		};
		18476BBB218F57BD00FEA631 /* Build configuration list for PBXNativeTarget "LightTests" */ = {
			isa = XCConfigurationList;
			buildConfigurations = (
				18476BBC218F57BD00FEA631 /* Debug */,
				18476BBD218F57BD00FEA631 /* Release */,
			);
			defaultConfigurationIsVisible = 0;
			defaultConfigurationName = Release;
		};
		18476BBE218F57BD00FEA631 /* Build configuration list for PBXNativeTarget "LightUITests" */ = {
			isa = XCConfigurationList;
			buildConfigurations = (
				18476BBF218F57BD00FEA631 /* Debug */,
				18476BC0218F57BD00FEA631 /* Release */,
			);
			defaultConfigurationIsVisible = 0;
			defaultConfigurationName = Release;
		};
/* End XCConfigurationList section */
	};
	rootObject = 18476B88218F57BB00FEA631 /* Project object */;
}
